
Microsoft Visual Studio Solution File, Format Version 10.00
# Visual Studio 2008
Project("{FAE04EC0-301F-11D3-BF4B-00C04F79EFBC}") = "TasklistGenerator", "src\TasklistGenerator\TasklistGenerator.csproj", "{4BD8BDDC-0D78-44DC-9F0D-851064AD3E48}"
EndProject
Project("{FAE04EC0-301F-11D3-BF4B-00C04F79EFBC}") = "TasklistGenerator.Tests", "tests\TasklistGenerator.Tests\TasklistGenerator.Tests.csproj", "{8F239D57-BCF5-4304-AA5F-7E785D10AA31}"
EndProject
Global
	GlobalSection(SolutionConfigurationPlatforms) = preSolution
		Debug|Any CPU = Debug|Any CPU
		Release|Any CPU = Release|Any CPU
	EndGlobalSection
	GlobalSection(ProjectConfigurationPlatforms) = postSolution
		{4BD8BDDC-0D78-44DC-9F0D-851064AD3E48}.Debug|Any CPU.ActiveCfg = Debug|Any CPU
		{4BD8BDDC-0D78-44DC-9F0D-851064AD3E48}.Debug|Any CPU.Build.0 = Debug|Any CPU
		{4BD8BDDC-0D78-44DC-9F0D-851064AD3E48}.Release|Any CPU.ActiveCfg = Release|Any CPU
		{4BD8BDDC-0D78-44DC-9F0D-851064AD3E48}.Release|Any CPU.Build.0 = Release|Any CPU
		{8F239D57-BCF5-4304-AA5F-7E785D10AA31}.Debug|Any CPU.ActiveCfg = Debug|Any CPU
		{8F239D57-BCF5-4304-AA5F-7E785D10AA31}.Debug|Any CPU.Build.0 = Debug|Any CPU
		{8F239D57-BCF5-4304-AA5F-7E785D10AA31}.Release|Any CPU.ActiveCfg = Release|Any CPU
		{8F239D57-BCF5-4304-AA5F-7E785D10AA31}.Release|Any CPU.Build.0 = Release|Any CPU
	EndGlobalSection
	GlobalSection(SolutionProperties) = preSolution
		HideSolutionNode = FALSE
	EndGlobalSection
EndGlobal
